
Microsoft Visual Studio Solution File, Format Version 12.00
# Visual Studio Version 16
VisualStudioVersion = 16.0.31729.503
MinimumVisualStudioVersion = 10.0.40219.1
Project("{FAE04EC0-301F-11D3-BF4B-00C04F79EFBC}") = "THE1_Emulator", "THE1_Emulator.csproj", "{DD685F67-330B-4A92-8024-223D0385E9D5}"
EndProject
Global
	GlobalSection(SolutionConfigurationPlatforms) = preSolution
		Debug|Any CPU = Debug|Any CPU
		Release|Any CPU = Release|Any CPU
	EndGlobalSection
	GlobalSection(ProjectConfigurationPlatforms) = postSolution
		{DD685F67-330B-4A92-8024-223D0385E9D5}.Debug|Any CPU.ActiveCfg = Debug|Any CPU
		{DD685F67-330B-4A92-8024-223D0385E9D5}.Debug|Any CPU.Build.0 = Debug|Any CPU
		{DD685F67-330B-4A92-8024-223D0385E9D5}.Release|Any CPU.ActiveCfg = Release|Any CPU
		{DD685F67-330B-4A92-8024-223D0385E9D5}.Release|Any CPU.Build.0 = Release|Any CPU
	EndGlobalSection
	GlobalSection(SolutionProperties) = preSolution
		HideSolutionNode = FALSE
	EndGlobalSection
	GlobalSection(ExtensibilityGlobals) = postSolution
		SolutionGuid = {F4ED7F9F-060B-4709-99EA-6ADC074DF37E}
	EndGlobalSection
EndGlobal
